{
  "name": "proto1",
  "version": "1.0.0",
  "lockfileVersion": 1,
  "dependencies": {
    "jquery": {
      "version": "3.2.1",
      "resolved": "https://registry.npmjs.org/jquery/-/jquery-3.2.1.tgz",
      "integrity": "sha1-XE2d5lKvbNCncBVKYxu6ErAVx4c="
    },
    "jquery-form-validator": {
      "version": "2.3.64",
      "resolved": "https://registry.npmjs.org/jquery-form-validator/-/jquery-form-validator-2.3.64.tgz",
      "integrity": "sha1-PYqcPeNq8lYSaG5sWnv9QQYl5JA="
    },
    "parsleyjs": {
      "version": "2.7.2",
      "resolved": "https://registry.npmjs.org/parsleyjs/-/parsleyjs-2.7.2.tgz",
      "integrity": "sha1-jmTiopdc4EVe2sxFyxhn0IhfymY="
    }
  }
}
