# THIS IS AN AUTOGENERATED FILE. DO NOT EDIT THIS FILE DIRECTLY.
# yarn lockfile v1


easy-pie-chart@^2.1.7:
  version "2.1.7"
  resolved "https://registry.yarnpkg.com/easy-pie-chart/-/easy-pie-chart-2.1.7.tgz#35e49fb7daf9a94e52b8294f51626919bcaee7cc"

jquery-form-validator@^2.3.64:
  version "2.3.74"
  resolved "https://registry.yarnpkg.com/jquery-form-validator/-/jquery-form-validator-2.3.74.tgz#2d75a93dc441456581138051157baeadf18946ae"
  dependencies:
    jquery ">1.8.0"

jquery@>1.8.0:
  version "3.2.1"
  resolved "https://registry.yarnpkg.com/jquery/-/jquery-3.2.1.tgz#5c4d9de652af6cd0a770154a631bba12b015c787"
